
Microsoft Visual Studio Solution File, Format Version 12.00
# Visual Studio Version 17
VisualStudioVersion = 17.5.33424.131
MinimumVisualStudioVersion = 10.0.40219.1
Project("{FAE04EC0-301F-11D3-BF4B-00C04F79EFBC}") = "Database Recover", "Database Recover\Database Recover.csproj", "{8A1C3D9B-3DA9-464F-8EAE-01BE0497C0EF}"
EndProject
Global
	GlobalSection(SolutionConfigurationPlatforms) = preSolution
		Debug|Any CPU = Debug|Any CPU
		Release|Any CPU = Release|Any CPU
	EndGlobalSection
	GlobalSection(ProjectConfigurationPlatforms) = postSolution
		{8A1C3D9B-3DA9-464F-8EAE-01BE0497C0EF}.Debug|Any CPU.ActiveCfg = Debug|Any CPU
		{8A1C3D9B-3DA9-464F-8EAE-01BE0497C0EF}.Debug|Any CPU.Build.0 = Debug|Any CPU
		{8A1C3D9B-3DA9-464F-8EAE-01BE0497C0EF}.Release|Any CPU.ActiveCfg = Release|Any CPU
		{8A1C3D9B-3DA9-464F-8EAE-01BE0497C0EF}.Release|Any CPU.Build.0 = Release|Any CPU
	EndGlobalSection
	GlobalSection(SolutionProperties) = preSolution
		HideSolutionNode = FALSE
	EndGlobalSection
	GlobalSection(ExtensibilityGlobals) = postSolution
		SolutionGuid = {FAF3B11E-CAC4-48A6-ABA2-5BAC4CBEA7FF}
	EndGlobalSection
EndGlobal
